
Microsoft Visual Studio Solution File, Format Version 12.00
# Visual Studio Version 17
VisualStudioVersion = 17.1.32328.378
MinimumVisualStudioVersion = 10.0.40219.1
Project("{FAE04EC0-301F-11D3-BF4B-00C04F79EFBC}") = "ENTIDAD", "ENTIDAD.csproj", "{B4617496-7FE1-482D-A066-4034511F1A10}"
EndProject
Global
	GlobalSection(SolutionConfigurationPlatforms) = preSolution
		Debug|Any CPU = Debug|Any CPU
		Release|Any CPU = Release|Any CPU
	EndGlobalSection
	GlobalSection(ProjectConfigurationPlatforms) = postSolution
		{B4617496-7FE1-482D-A066-4034511F1A10}.Debug|Any CPU.ActiveCfg = Debug|Any CPU
		{B4617496-7FE1-482D-A066-4034511F1A10}.Debug|Any CPU.Build.0 = Debug|Any CPU
		{B4617496-7FE1-482D-A066-4034511F1A10}.Release|Any CPU.ActiveCfg = Release|Any CPU
		{B4617496-7FE1-482D-A066-4034511F1A10}.Release|Any CPU.Build.0 = Release|Any CPU
	EndGlobalSection
	GlobalSection(SolutionProperties) = preSolution
		HideSolutionNode = FALSE
	EndGlobalSection
	GlobalSection(ExtensibilityGlobals) = postSolution
		SolutionGuid = {FE00CE68-F96A-45E4-B26C-B0FB4EE8C27F}
	EndGlobalSection
EndGlobal
